
Microsoft Visual Studio Solution File, Format Version 12.00
# Visual Studio Version 17
VisualStudioVersion = 17.4.33213.308
MinimumVisualStudioVersion = 10.0.40219.1
Project("{9A19103F-16F7-4668-BE54-9A1E7A4F7556}") = "PatronRepositorioApi", "PatronRepositorioApi\PatronRepositorioApi.csproj", "{8F2E0176-CBC2-48E2-83C1-147BF3C67FCD}"
EndProject
Project("{9A19103F-16F7-4668-BE54-9A1E7A4F7556}") = "Repositorios", "Repositorios\Repositorios.csproj", "{855881F2-66B1-4460-A690-EC34503DA2D0}"
EndProject
Project("{9A19103F-16F7-4668-BE54-9A1E7A4F7556}") = "Entidades", "Entidades\Entidades.csproj", "{1B57B049-2033-4609-AAA6-4AD1911915C2}"
EndProject
Global
	GlobalSection(SolutionConfigurationPlatforms) = preSolution
		Debug|Any CPU = Debug|Any CPU
		Release|Any CPU = Release|Any CPU
	EndGlobalSection
	GlobalSection(ProjectConfigurationPlatforms) = postSolution
		{8F2E0176-CBC2-48E2-83C1-147BF3C67FCD}.Debug|Any CPU.ActiveCfg = Debug|Any CPU
		{8F2E0176-CBC2-48E2-83C1-147BF3C67FCD}.Debug|Any CPU.Build.0 = Debug|Any CPU
		{8F2E0176-CBC2-48E2-83C1-147BF3C67FCD}.Release|Any CPU.ActiveCfg = Release|Any CPU
		{8F2E0176-CBC2-48E2-83C1-147BF3C67FCD}.Release|Any CPU.Build.0 = Release|Any CPU
		{855881F2-66B1-4460-A690-EC34503DA2D0}.Debug|Any CPU.ActiveCfg = Debug|Any CPU
		{855881F2-66B1-4460-A690-EC34503DA2D0}.Debug|Any CPU.Build.0 = Debug|Any CPU
		{855881F2-66B1-4460-A690-EC34503DA2D0}.Release|Any CPU.ActiveCfg = Release|Any CPU
		{855881F2-66B1-4460-A690-EC34503DA2D0}.Release|Any CPU.Build.0 = Release|Any CPU
		{1B57B049-2033-4609-AAA6-4AD1911915C2}.Debug|Any CPU.ActiveCfg = Debug|Any CPU
		{1B57B049-2033-4609-AAA6-4AD1911915C2}.Debug|Any CPU.Build.0 = Debug|Any CPU
		{1B57B049-2033-4609-AAA6-4AD1911915C2}.Release|Any CPU.ActiveCfg = Release|Any CPU
		{1B57B049-2033-4609-AAA6-4AD1911915C2}.Release|Any CPU.Build.0 = Release|Any CPU
	EndGlobalSection
	GlobalSection(SolutionProperties) = preSolution
		HideSolutionNode = FALSE
	EndGlobalSection
	GlobalSection(ExtensibilityGlobals) = postSolution
		SolutionGuid = {01D3C7A1-D941-4C81-8C98-31924FBA8FD5}
	EndGlobalSection
EndGlobal
